// !$*UTF8*$!
{
	archiveVersion = 1;
	classes = {
	};
	objectVersion = 48;
	objects = {

/* Begin PBXBuildFile section */
		13C36E04210B230000D8292B /* libARX.a in Frameworks */ = {isa = PBXBuildFile; fileRef = 13C36E03210B230000D8292B /* libARX.a */; };
		13C36E06210B231200D8292B /* ARX in Resources */ = {isa = PBXBuildFile; fileRef = 13C36E05210B231100D8292B /* ARX */; };
		13C36E20210B232300D8292B /* opencv2.framework in Frameworks */ = {isa = PBXBuildFile; fileRef = 13C36E0A210B232300D8292B /* opencv2.framework */; };
		13C36E21210B232300D8292B /* libcurl.a in Frameworks */ = {isa = PBXBuildFile; fileRef = 13C36E1E210B232300D8292B /* libcurl.a */; };
		13C36E22210B232300D8292B /* libjpeg.a in Frameworks */ = {isa = PBXBuildFile; fileRef = 13C36E1F210B232300D8292B /* libjpeg.a */; };
		13C36E24210B3FD500D8292B /* OpenGLES.framework in Frameworks */ = {isa = PBXBuildFile; fileRef = 13C36E23210B3FD500D8292B /* OpenGLES.framework */; };
		663859431F7409B9006C27C9 /* doritos-logo-big.jpg in Resources */ = {isa = PBXBuildFile; fileRef = 6658F6B31F74088D0087415E /* doritos-logo-big.jpg */; };
		6658F6091F73A3560087415E /* AppDelegate.swift in Sources */ = {isa = PBXBuildFile; fileRef = 6658F6081F73A3560087415E /* AppDelegate.swift */; };
		6658F60E1F73A3560087415E /* Main.storyboard in Resources */ = {isa = PBXBuildFile; fileRef = 6658F60C1F73A3560087415E /* Main.storyboard */; };
		6658F6101F73A3560087415E /* Assets.xcassets in Resources */ = {isa = PBXBuildFile; fileRef = 6658F60F1F73A3560087415E /* Assets.xcassets */; };
		6658F6131F73A3560087415E /* LaunchScreen.storyboard in Resources */ = {isa = PBXBuildFile; fileRef = 6658F6111F73A3560087415E /* LaunchScreen.storyboard */; };
		6658F61D1F73B5A60087415E /* ARSceneViewController.mm in Sources */ = {isa = PBXBuildFile; fileRef = 6658F61C1F73B5A60087415E /* ARSceneViewController.mm */; };
		6658F6A31F73C90E0087415E /* libz.tbd in Frameworks */ = {isa = PBXBuildFile; fileRef = 6658F6A21F73C90E0087415E /* libz.tbd */; };
		6658F6A51F73C9130087415E /* libsqlite3.tbd in Frameworks */ = {isa = PBXBuildFile; fileRef = 6658F6A41F73C9130087415E /* libsqlite3.tbd */; };
		6658F6AB1F73C9A60087415E /* Accelerate.framework in Frameworks */ = {isa = PBXBuildFile; fileRef = 6658F6A81F73C9230087415E /* Accelerate.framework */; };
		6658F6B21F7407FB0087415E /* SceneViewController.swift in Sources */ = {isa = PBXBuildFile; fileRef = 6658F6B11F7407FB0087415E /* SceneViewController.swift */; };
/* End PBXBuildFile section */

/* Begin PBXFileReference section */
		13C36E03210B230000D8292B /* libARX.a */ = {isa = PBXFileReference; lastKnownFileType = archive.ar; path = libARX.a; sourceTree = "<group>"; };
		13C36E05210B231100D8292B /* ARX */ = {isa = PBXFileReference; lastKnownFileType = folder; path = ARX; sourceTree = "<group>"; };
		13C36E0A210B232300D8292B /* opencv2.framework */ = {isa = PBXFileReference; lastKnownFileType = wrapper.framework; path = opencv2.framework; sourceTree = "<group>"; };
		13C36E0D210B232300D8292B /* curl.h */ = {isa = PBXFileReference; fileEncoding = 4; lastKnownFileType = sourcecode.c.h; path = curl.h; sourceTree = "<group>"; };
		13C36E0E210B232300D8292B /* curlbuild.h */ = {isa = PBXFileReference; fileEncoding = 4; lastKnownFileType = sourcecode.c.h; path = curlbuild.h; sourceTree = "<group>"; };
		13C36E0F210B232300D8292B /* curlrules.h */ = {isa = PBXFileReference; fileEncoding = 4; lastKnownFileType = sourcecode.c.h; path = curlrules.h; sourceTree = "<group>"; };
		13C36E10210B232300D8292B /* curlver.h */ = {isa = PBXFileReference; fileEncoding = 4; lastKnownFileType = sourcecode.c.h; path = curlver.h; sourceTree = "<group>"; };
		13C36E11210B232300D8292B /* easy.h */ = {isa = PBXFileReference; fileEncoding = 4; lastKnownFileType = sourcecode.c.h; path = easy.h; sourceTree = "<group>"; };
		13C36E12210B232300D8292B /* mprintf.h */ = {isa = PBXFileReference; fileEncoding = 4; lastKnownFileType = sourcecode.c.h; path = mprintf.h; sourceTree = "<group>"; };
		13C36E13210B232300D8292B /* multi.h */ = {isa = PBXFileReference; fileEncoding = 4; lastKnownFileType = sourcecode.c.h; path = multi.h; sourceTree = "<group>"; };
		13C36E14210B232300D8292B /* stdcheaders.h */ = {isa = PBXFileReference; fileEncoding = 4; lastKnownFileType = sourcecode.c.h; path = stdcheaders.h; sourceTree = "<group>"; };
		13C36E15210B232300D8292B /* typecheck-gcc.h */ = {isa = PBXFileReference; fileEncoding = 4; lastKnownFileType = sourcecode.c.h; path = "typecheck-gcc.h"; sourceTree = "<group>"; };
		13C36E16210B232300D8292B /* jconfig.h */ = {isa = PBXFileReference; fileEncoding = 4; lastKnownFileType = sourcecode.c.h; path = jconfig.h; sourceTree = "<group>"; };
		13C36E17210B232300D8292B /* jmorecfg.h */ = {isa = PBXFileReference; fileEncoding = 4; lastKnownFileType = sourcecode.c.h; path = jmorecfg.h; sourceTree = "<group>"; };
		13C36E18210B232300D8292B /* jpeglib.h */ = {isa = PBXFileReference; fileEncoding = 4; lastKnownFileType = sourcecode.c.h; path = jpeglib.h; sourceTree = "<group>"; };
		13C36E19210B232300D8292B /* jversion.h */ = {isa = PBXFileReference; fileEncoding = 4; lastKnownFileType = sourcecode.c.h; path = jversion.h; sourceTree = "<group>"; };
		13C36E1B210B232300D8292B /* stb_image.h */ = {isa = PBXFileReference; fileEncoding = 4; lastKnownFileType = sourcecode.c.h; path = stb_image.h; sourceTree = "<group>"; };
		13C36E1C210B232300D8292B /* stb_image_write.h */ = {isa = PBXFileReference; fileEncoding = 4; lastKnownFileType = sourcecode.c.h; path = stb_image_write.h; sourceTree = "<group>"; };
		13C36E1E210B232300D8292B /* libcurl.a */ = {isa = PBXFileReference; lastKnownFileType = archive.ar; path = libcurl.a; sourceTree = "<group>"; };
		13C36E1F210B232300D8292B /* libjpeg.a */ = {isa = PBXFileReference; lastKnownFileType = archive.ar; path = libjpeg.a; sourceTree = "<group>"; };
		13C36E23210B3FD500D8292B /* OpenGLES.framework */ = {isa = PBXFileReference; lastKnownFileType = wrapper.framework; name = OpenGLES.framework; path = System/Library/Frameworks/OpenGLES.framework; sourceTree = SDKROOT; };
		6658F6051F73A3560087415E /* MyARApp.app */ = {isa = PBXFileReference; explicitFileType = wrapper.application; includeInIndex = 0; path = MyARApp.app; sourceTree = BUILT_PRODUCTS_DIR; };
		6658F6081F73A3560087415E /* AppDelegate.swift */ = {isa = PBXFileReference; lastKnownFileType = sourcecode.swift; path = AppDelegate.swift; sourceTree = "<group>"; };
		6658F60D1F73A3560087415E /* Base */ = {isa = PBXFileReference; lastKnownFileType = file.storyboard; name = Base; path = Base.lproj/Main.storyboard; sourceTree = "<group>"; };
		6658F60F1F73A3560087415E /* Assets.xcassets */ = {isa = PBXFileReference; lastKnownFileType = folder.assetcatalog; path = Assets.xcassets; sourceTree = "<group>"; };
		6658F6121F73A3560087415E /* Base */ = {isa = PBXFileReference; lastKnownFileType = file.storyboard; name = Base; path = Base.lproj/LaunchScreen.storyboard; sourceTree = "<group>"; };
		6658F6141F73A3560087415E /* Info.plist */ = {isa = PBXFileReference; lastKnownFileType = text.plist.xml; path = Info.plist; sourceTree = "<group>"; };
		6658F61A1F73B5A50087415E /* MyARApp-Bridging-Header.h */ = {isa = PBXFileReference; lastKnownFileType = sourcecode.c.h; path = "MyARApp-Bridging-Header.h"; sourceTree = "<group>"; };
		6658F61B1F73B5A60087415E /* ARSceneViewController.h */ = {isa = PBXFileReference; lastKnownFileType = sourcecode.c.h; path = ARSceneViewController.h; sourceTree = "<group>"; };
		6658F61C1F73B5A60087415E /* ARSceneViewController.mm */ = {isa = PBXFileReference; indentWidth = 4; lastKnownFileType = sourcecode.cpp.objcpp; path = ARSceneViewController.mm; sourceTree = "<group>"; tabWidth = 4; };
		6658F6A21F73C90E0087415E /* libz.tbd */ = {isa = PBXFileReference; lastKnownFileType = "sourcecode.text-based-dylib-definition"; name = libz.tbd; path = usr/lib/libz.tbd; sourceTree = SDKROOT; };
		6658F6A41F73C9130087415E /* libsqlite3.tbd */ = {isa = PBXFileReference; lastKnownFileType = "sourcecode.text-based-dylib-definition"; name = libsqlite3.tbd; path = usr/lib/libsqlite3.tbd; sourceTree = SDKROOT; };
		6658F6A61F73C9190087415E /* AVFoundation.framework */ = {isa = PBXFileReference; lastKnownFileType = wrapper.framework; name = AVFoundation.framework; path = System/Library/Frameworks/AVFoundation.framework; sourceTree = SDKROOT; };
		6658F6A81F73C9230087415E /* Accelerate.framework */ = {isa = PBXFileReference; lastKnownFileType = wrapper.framework; name = Accelerate.framework; path = System/Library/Frameworks/Accelerate.framework; sourceTree = SDKROOT; };
		6658F6B11F7407FB0087415E /* SceneViewController.swift */ = {isa = PBXFileReference; lastKnownFileType = sourcecode.swift; path = SceneViewController.swift; sourceTree = "<group>"; };
		6658F6B31F74088D0087415E /* doritos-logo-big.jpg */ = {isa = PBXFileReference; lastKnownFileType = image.jpeg; path = "doritos-logo-big.jpg"; sourceTree = "<group>"; };
/* End PBXFileReference section */

/* Begin PBXFrameworksBuildPhase section */
		6658F6021F73A3560087415E /* Frameworks */ = {
			isa = PBXFrameworksBuildPhase;
			buildActionMask = 2147483647;
			files = (
				13C36E24210B3FD500D8292B /* OpenGLES.framework in Frameworks */,
				6658F6AB1F73C9A60087415E /* Accelerate.framework in Frameworks */,
				13C36E20210B232300D8292B /* opencv2.framework in Frameworks */,
				13C36E04210B230000D8292B /* libARX.a in Frameworks */,
				13C36E22210B232300D8292B /* libjpeg.a in Frameworks */,
				6658F6A51F73C9130087415E /* libsqlite3.tbd in Frameworks */,
				6658F6A31F73C90E0087415E /* libz.tbd in Frameworks */,
				13C36E21210B232300D8292B /* libcurl.a in Frameworks */,
			);
			runOnlyForDeploymentPostprocessing = 0;
		};
/* End PBXFrameworksBuildPhase section */

/* Begin PBXGroup section */
		13C36DBC210B22F300D8292B /* artoolkitX */ = {
			isa = PBXGroup;
			children = (
				13C36E07210B232300D8292B /* depends */,
				13C36DBD210B230000D8292B /* SDK */,
			);
			name = artoolkitX;
			sourceTree = "<group>";
		};
		13C36DBD210B230000D8292B /* SDK */ = {
			isa = PBXGroup;
			children = (
				13C36DBE210B230000D8292B /* include */,
				13C36E02210B230000D8292B /* lib */,
			);
			name = SDK;
			path = artoolkitX/SDK;
			sourceTree = "<group>";
		};
		13C36DBE210B230000D8292B /* include */ = {
			isa = PBXGroup;
			children = (
				13C36E05210B231100D8292B /* ARX */,
			);
			path = include;
			sourceTree = "<group>";
		};
		13C36E02210B230000D8292B /* lib */ = {
			isa = PBXGroup;
			children = (
				13C36E03210B230000D8292B /* libARX.a */,
			);
			path = lib;
			sourceTree = "<group>";
		};
		13C36E07210B232300D8292B /* depends */ = {
			isa = PBXGroup;
			children = (
				13C36E08210B232300D8292B /* ios */,
			);
			name = depends;
			path = artoolkitX/Source/depends;
			sourceTree = "<group>";
		};
		13C36E08210B232300D8292B /* ios */ = {
			isa = PBXGroup;
			children = (
				13C36E09210B232300D8292B /* Frameworks */,
				13C36E0B210B232300D8292B /* include */,
				13C36E1D210B232300D8292B /* lib */,
			);
			path = ios;
			sourceTree = "<group>";
		};
		13C36E09210B232300D8292B /* Frameworks */ = {
			isa = PBXGroup;
			children = (
				13C36E0A210B232300D8292B /* opencv2.framework */,
			);
			path = Frameworks;
			sourceTree = "<group>";
		};
		13C36E0B210B232300D8292B /* include */ = {
			isa = PBXGroup;
			children = (
				13C36E0C210B232300D8292B /* curl */,
				13C36E16210B232300D8292B /* jconfig.h */,
				13C36E17210B232300D8292B /* jmorecfg.h */,
				13C36E18210B232300D8292B /* jpeglib.h */,
				13C36E19210B232300D8292B /* jversion.h */,
				13C36E1A210B232300D8292B /* stb_image */,
			);
			path = include;
			sourceTree = "<group>";
		};
		13C36E0C210B232300D8292B /* curl */ = {
			isa = PBXGroup;
			children = (
				13C36E0D210B232300D8292B /* curl.h */,
				13C36E0E210B232300D8292B /* curlbuild.h */,
				13C36E0F210B232300D8292B /* curlrules.h */,
				13C36E10210B232300D8292B /* curlver.h */,
				13C36E11210B232300D8292B /* easy.h */,
				13C36E12210B232300D8292B /* mprintf.h */,
				13C36E13210B232300D8292B /* multi.h */,
				13C36E14210B232300D8292B /* stdcheaders.h */,
				13C36E15210B232300D8292B /* typecheck-gcc.h */,
			);
			path = curl;
			sourceTree = "<group>";
		};
		13C36E1A210B232300D8292B /* stb_image */ = {
			isa = PBXGroup;
			children = (
				13C36E1B210B232300D8292B /* stb_image.h */,
				13C36E1C210B232300D8292B /* stb_image_write.h */,
			);
			path = stb_image;
			sourceTree = "<group>";
		};
		13C36E1D210B232300D8292B /* lib */ = {
			isa = PBXGroup;
			children = (
				13C36E1E210B232300D8292B /* libcurl.a */,
				13C36E1F210B232300D8292B /* libjpeg.a */,
			);
			path = lib;
			sourceTree = "<group>";
		};
		6658F5FC1F73A3560087415E = {
			isa = PBXGroup;
			children = (
				13C36DBC210B22F300D8292B /* artoolkitX */,
				6658F6071F73A3560087415E /* MyARApp */,
				6658F6061F73A3560087415E /* Products */,
				6658F6A11F73C90E0087415E /* Frameworks */,
			);
			sourceTree = "<group>";
		};
		6658F6061F73A3560087415E /* Products */ = {
			isa = PBXGroup;
			children = (
				6658F6051F73A3560087415E /* MyARApp.app */,
			);
			name = Products;
			sourceTree = "<group>";
		};
		6658F6071F73A3560087415E /* MyARApp */ = {
			isa = PBXGroup;
			children = (
				6658F6B31F74088D0087415E /* doritos-logo-big.jpg */,
				6658F6081F73A3560087415E /* AppDelegate.swift */,
				6658F6B11F7407FB0087415E /* SceneViewController.swift */,
				6658F60C1F73A3560087415E /* Main.storyboard */,
				6658F60F1F73A3560087415E /* Assets.xcassets */,
				6658F6111F73A3560087415E /* LaunchScreen.storyboard */,
				6658F6141F73A3560087415E /* Info.plist */,
				6658F61B1F73B5A60087415E /* ARSceneViewController.h */,
				6658F61C1F73B5A60087415E /* ARSceneViewController.mm */,
				6658F61A1F73B5A50087415E /* MyARApp-Bridging-Header.h */,
			);
			path = MyARApp;
			sourceTree = "<group>";
		};
		6658F6A11F73C90E0087415E /* Frameworks */ = {
			isa = PBXGroup;
			children = (
				13C36E23210B3FD500D8292B /* OpenGLES.framework */,
				6658F6A81F73C9230087415E /* Accelerate.framework */,
				6658F6A61F73C9190087415E /* AVFoundation.framework */,
				6658F6A41F73C9130087415E /* libsqlite3.tbd */,
				6658F6A21F73C90E0087415E /* libz.tbd */,
			);
			name = Frameworks;
			sourceTree = "<group>";
		};
/* End PBXGroup section */

/* Begin PBXNativeTarget section */
		6658F6041F73A3560087415E /* MyARApp */ = {
			isa = PBXNativeTarget;
			buildConfigurationList = 6658F6171F73A3560087415E /* Build configuration list for PBXNativeTarget "MyARApp" */;
			buildPhases = (
				6658F6011F73A3560087415E /* Sources */,
				6658F6021F73A3560087415E /* Frameworks */,
				6658F6031F73A3560087415E /* Resources */,
			);
			buildRules = (
			);
			dependencies = (
			);
			name = MyARApp;
			productName = MyARApp;
			productReference = 6658F6051F73A3560087415E /* MyARApp.app */;
			productType = "com.apple.product-type.application";
		};
/* End PBXNativeTarget section */

/* Begin PBXProject section */
		6658F5FD1F73A3560087415E /* Project object */ = {
			isa = PBXProject;
			attributes = {
				LastSwiftUpdateCheck = 0900;
				LastUpgradeCheck = 1000;
				ORGANIZATIONNAME = "Quentin Fasquel";
				TargetAttributes = {
					6658F6041F73A3560087415E = {
						CreatedOnToolsVersion = 9.0;
						LastSwiftMigration = 0900;
						ProvisioningStyle = Automatic;
					};
				};
			};
			buildConfigurationList = 6658F6001F73A3560087415E /* Build configuration list for PBXProject "MyARApp" */;
			compatibilityVersion = "Xcode 8.0";
			developmentRegion = en;
			hasScannedForEncodings = 0;
			knownRegions = (
				en,
				Base,
			);
			mainGroup = 6658F5FC1F73A3560087415E;
			productRefGroup = 6658F6061F73A3560087415E /* Products */;
			projectDirPath = "";
			projectRoot = "";
			targets = (
				6658F6041F73A3560087415E /* MyARApp */,
			);
		};
/* End PBXProject section */

/* Begin PBXResourcesBuildPhase section */
		6658F6031F73A3560087415E /* Resources */ = {
			isa = PBXResourcesBuildPhase;
			buildActionMask = 2147483647;
			files = (
				663859431F7409B9006C27C9 /* doritos-logo-big.jpg in Resources */,
				6658F6131F73A3560087415E /* LaunchScreen.storyboard in Resources */,
				6658F6101F73A3560087415E /* Assets.xcassets in Resources */,
				6658F60E1F73A3560087415E /* Main.storyboard in Resources */,
				13C36E06210B231200D8292B /* ARX in Resources */,
			);
			runOnlyForDeploymentPostprocessing = 0;
		};
/* End PBXResourcesBuildPhase section */

/* Begin PBXSourcesBuildPhase section */
		6658F6011F73A3560087415E /* Sources */ = {
			isa = PBXSourcesBuildPhase;
			buildActionMask = 2147483647;
			files = (
				6658F61D1F73B5A60087415E /* ARSceneViewController.mm in Sources */,
				6658F6B21F7407FB0087415E /* SceneViewController.swift in Sources */,
				6658F6091F73A3560087415E /* AppDelegate.swift in Sources */,
			);
			runOnlyForDeploymentPostprocessing = 0;
		};
/* End PBXSourcesBuildPhase section */

/* Begin PBXVariantGroup section */
		6658F60C1F73A3560087415E /* Main.storyboard */ = {
			isa = PBXVariantGroup;
			children = (
				6658F60D1F73A3560087415E /* Base */,
			);
			name = Main.storyboard;
			sourceTree = "<group>";
		};
		6658F6111F73A3560087415E /* LaunchScreen.storyboard */ = {
			isa = PBXVariantGroup;
			children = (
				6658F6121F73A3560087415E /* Base */,
			);
			name = LaunchScreen.storyboard;
			sourceTree = "<group>";
		};
/* End PBXVariantGroup section */

/* Begin XCBuildConfiguration section */
		6658F6151F73A3560087415E /* Debug */ = {
			isa = XCBuildConfiguration;
			buildSettings = {
				ALWAYS_SEARCH_USER_PATHS = NO;
				CLANG_ANALYZER_NONNULL = YES;
				CLANG_ANALYZER_NUMBER_OBJECT_CONVERSION = YES_AGGRESSIVE;
				CLANG_CXX_LANGUAGE_STANDARD = "gnu++14";
				CLANG_CXX_LIBRARY = "libc++";
				CLANG_ENABLE_MODULES = YES;
				CLANG_ENABLE_OBJC_ARC = YES;
				CLANG_WARN_BLOCK_CAPTURE_AUTORELEASING = YES;
				CLANG_WARN_BOOL_CONVERSION = YES;
				CLANG_WARN_COMMA = YES;
				CLANG_WARN_CONSTANT_CONVERSION = YES;
				CLANG_WARN_DEPRECATED_OBJC_IMPLEMENTATIONS = YES;
				CLANG_WARN_DIRECT_OBJC_ISA_USAGE = YES_ERROR;
				CLANG_WARN_DOCUMENTATION_COMMENTS = YES;
				CLANG_WARN_EMPTY_BODY = YES;
				CLANG_WARN_ENUM_CONVERSION = YES;
				CLANG_WARN_INFINITE_RECURSION = YES;
				CLANG_WARN_INT_CONVERSION = YES;
				CLANG_WARN_NON_LITERAL_NULL_CONVERSION = YES;
				CLANG_WARN_OBJC_IMPLICIT_RETAIN_SELF = YES;
				CLANG_WARN_OBJC_LITERAL_CONVERSION = YES;
				CLANG_WARN_OBJC_ROOT_CLASS = YES_ERROR;
				CLANG_WARN_RANGE_LOOP_ANALYSIS = YES;
				CLANG_WARN_STRICT_PROTOTYPES = YES;
				CLANG_WARN_SUSPICIOUS_MOVE = YES;
				CLANG_WARN_UNGUARDED_AVAILABILITY = YES_AGGRESSIVE;
				CLANG_WARN_UNREACHABLE_CODE = YES;
				CLANG_WARN__DUPLICATE_METHOD_MATCH = YES;
				CODE_SIGN_IDENTITY = "iPhone Developer";
				COPY_PHASE_STRIP = NO;
				DEBUG_INFORMATION_FORMAT = dwarf;
				ENABLE_STRICT_OBJC_MSGSEND = YES;
				ENABLE_TESTABILITY = YES;
				GCC_C_LANGUAGE_STANDARD = gnu11;
				GCC_DYNAMIC_NO_PIC = NO;
				GCC_NO_COMMON_BLOCKS = YES;
				GCC_OPTIMIZATION_LEVEL = 0;
				GCC_PREPROCESSOR_DEFINITIONS = (
					"DEBUG=1",
					"$(inherited)",
				);
				GCC_WARN_64_TO_32_BIT_CONVERSION = YES;
				GCC_WARN_ABOUT_RETURN_TYPE = YES_ERROR;
				GCC_WARN_UNDECLARED_SELECTOR = YES;
				GCC_WARN_UNINITIALIZED_AUTOS = YES_AGGRESSIVE;
				GCC_WARN_UNUSED_FUNCTION = YES;
				GCC_WARN_UNUSED_VARIABLE = YES;
				HEADER_SEARCH_PATHS = (
					"$(inherited)",
					"$(PROJECT_DIR)/ARToolkit/include",
				);
				IPHONEOS_DEPLOYMENT_TARGET = 11.0;
				MTL_ENABLE_DEBUG_INFO = YES;
				ONLY_ACTIVE_ARCH = YES;
				SDKROOT = iphoneos;
				SWIFT_ACTIVE_COMPILATION_CONDITIONS = DEBUG;
				SWIFT_OPTIMIZATION_LEVEL = "-Onone";
			};
			name = Debug;
		};
		6658F6161F73A3560087415E /* Release */ = {
			isa = XCBuildConfiguration;
			buildSettings = {
				ALWAYS_SEARCH_USER_PATHS = NO;
				CLANG_ANALYZER_NONNULL = YES;
				CLANG_ANALYZER_NUMBER_OBJECT_CONVERSION = YES_AGGRESSIVE;
				CLANG_CXX_LANGUAGE_STANDARD = "gnu++14";
				CLANG_CXX_LIBRARY = "libc++";
				CLANG_ENABLE_MODULES = YES;
				CLANG_ENABLE_OBJC_ARC = YES;
				CLANG_WARN_BLOCK_CAPTURE_AUTORELEASING = YES;
				CLANG_WARN_BOOL_CONVERSION = YES;
				CLANG_WARN_COMMA = YES;
				CLANG_WARN_CONSTANT_CONVERSION = YES;
				CLANG_WARN_DEPRECATED_OBJC_IMPLEMENTATIONS = YES;
				CLANG_WARN_DIRECT_OBJC_ISA_USAGE = YES_ERROR;
				CLANG_WARN_DOCUMENTATION_COMMENTS = YES;
				CLANG_WARN_EMPTY_BODY = YES;
				CLANG_WARN_ENUM_CONVERSION = YES;
				CLANG_WARN_INFINITE_RECURSION = YES;
				CLANG_WARN_INT_CONVERSION = YES;
				CLANG_WARN_NON_LITERAL_NULL_CONVERSION = YES;
				CLANG_WARN_OBJC_IMPLICIT_RETAIN_SELF = YES;
				CLANG_WARN_OBJC_LITERAL_CONVERSION = YES;
				CLANG_WARN_OBJC_ROOT_CLASS = YES_ERROR;
				CLANG_WARN_RANGE_LOOP_ANALYSIS = YES;
				CLANG_WARN_STRICT_PROTOTYPES = YES;
				CLANG_WARN_SUSPICIOUS_MOVE = YES;
				CLANG_WARN_UNGUARDED_AVAILABILITY = YES_AGGRESSIVE;
				CLANG_WARN_UNREACHABLE_CODE = YES;
				CLANG_WARN__DUPLICATE_METHOD_MATCH = YES;
				CODE_SIGN_IDENTITY = "iPhone Developer";
				COPY_PHASE_STRIP = NO;
				DEBUG_INFORMATION_FORMAT = "dwarf-with-dsym";
				ENABLE_NS_ASSERTIONS = NO;
				ENABLE_STRICT_OBJC_MSGSEND = YES;
				GCC_C_LANGUAGE_STANDARD = gnu11;
				GCC_NO_COMMON_BLOCKS = YES;
				GCC_WARN_64_TO_32_BIT_CONVERSION = YES;
				GCC_WARN_ABOUT_RETURN_TYPE = YES_ERROR;
				GCC_WARN_UNDECLARED_SELECTOR = YES;
				GCC_WARN_UNINITIALIZED_AUTOS = YES_AGGRESSIVE;
				GCC_WARN_UNUSED_FUNCTION = YES;
				GCC_WARN_UNUSED_VARIABLE = YES;
				HEADER_SEARCH_PATHS = (
					"$(inherited)",
					"$(PROJECT_DIR)/ARToolkit/include",
				);
				IPHONEOS_DEPLOYMENT_TARGET = 11.0;
				MTL_ENABLE_DEBUG_INFO = NO;
				SDKROOT = iphoneos;
				SWIFT_OPTIMIZATION_LEVEL = "-Owholemodule";
				VALIDATE_PRODUCT = YES;
			};
			name = Release;
		};
		6658F6181F73A3560087415E /* Debug */ = {
			isa = XCBuildConfiguration;
			buildSettings = {
				ASSETCATALOG_COMPILER_APPICON_NAME = AppIcon;
				CLANG_ENABLE_MODULES = YES;
				CODE_SIGN_STYLE = Automatic;
				DEVELOPMENT_TEAM = H9EZHJZX4M;
				ENABLE_BITCODE = NO;
				FRAMEWORK_SEARCH_PATHS = (
					"$(inherited)",
					"$(PROJECT_DIR)/artoolkitX/Source/depends/ios/Frameworks",
				);
				GCC_PREPROCESSOR_DEFINITIONS = (
					ARX_TARGET_PLATFORM_IOS,
					"$(inherited)",
				);
				HEADER_SEARCH_PATHS = (
					"$(inherited)",
					"$(PROJECT_DIR)/artoolkitX/SDK/include",
				);
				INFOPLIST_FILE = MyARApp/Info.plist;
				LD_RUNPATH_SEARCH_PATHS = "$(inherited) @executable_path/Frameworks";
				LIBRARY_SEARCH_PATHS = (
					"$(inherited)",
					"$(PROJECT_DIR)/artoolkitX/SDK/lib",
					"$(PROJECT_DIR)/artoolkitX/Source/depends/ios/lib",
				);
				PRODUCT_BUNDLE_IDENTIFIER = com.quentinfasquel.MyARApp;
				PRODUCT_NAME = "$(TARGET_NAME)";
				SWIFT_OBJC_BRIDGING_HEADER = "MyARApp/MyARApp-Bridging-Header.h";
				SWIFT_OPTIMIZATION_LEVEL = "-Onone";
				SWIFT_VERSION = 4.0;
				TARGETED_DEVICE_FAMILY = "1,2";
			};
			name = Debug;
		};
		6658F6191F73A3560087415E /* Release */ = {
			isa = XCBuildConfiguration;
			buildSettings = {
				ASSETCATALOG_COMPILER_APPICON_NAME = AppIcon;
				CLANG_ENABLE_MODULES = YES;
				CODE_SIGN_STYLE = Automatic;
				DEVELOPMENT_TEAM = H9EZHJZX4M;
				ENABLE_BITCODE = NO;
				FRAMEWORK_SEARCH_PATHS = (
					"$(inherited)",
					"$(PROJECT_DIR)/artoolkitX/Source/depends/ios/Frameworks",
				);
				GCC_PREPROCESSOR_DEFINITIONS = (
					ARX_TARGET_PLATFORM_IOS,
					"$(inherited)",
				);
				HEADER_SEARCH_PATHS = (
					"$(inherited)",
					"$(PROJECT_DIR)/artoolkitX/SDK/include",
				);
				INFOPLIST_FILE = MyARApp/Info.plist;
				LD_RUNPATH_SEARCH_PATHS = "$(inherited) @executable_path/Frameworks";
				LIBRARY_SEARCH_PATHS = (
					"$(inherited)",
					"$(PROJECT_DIR)/artoolkitX/SDK/lib",
					"$(PROJECT_DIR)/artoolkitX/Source/depends/ios/lib",
				);
				PRODUCT_BUNDLE_IDENTIFIER = com.quentinfasquel.MyARApp;
				PRODUCT_NAME = "$(TARGET_NAME)";
				SWIFT_OBJC_BRIDGING_HEADER = "MyARApp/MyARApp-Bridging-Header.h";
				SWIFT_VERSION = 4.0;
				TARGETED_DEVICE_FAMILY = "1,2";
			};
			name = Release;
		};
/* End XCBuildConfiguration section */

/* Begin XCConfigurationList section */
		6658F6001F73A3560087415E /* Build configuration list for PBXProject "MyARApp" */ = {
			isa = XCConfigurationList;
			buildConfigurations = (
				6658F6151F73A3560087415E /* Debug */,
				6658F6161F73A3560087415E /* Release */,
			);
			defaultConfigurationIsVisible = 0;
			defaultConfigurationName = Release;
		};
		6658F6171F73A3560087415E /* Build configuration list for PBXNativeTarget "MyARApp" */ = {
			isa = XCConfigurationList;
			buildConfigurations = (
				6658F6181F73A3560087415E /* Debug */,
				6658F6191F73A3560087415E /* Release */,
			);
			defaultConfigurationIsVisible = 0;
			defaultConfigurationName = Release;
		};
/* End XCConfigurationList section */
	};
	rootObject = 6658F5FD1F73A3560087415E /* Project object */;
}
